PODS:
  - AFoundation (0.1.3)
  - ASwift (1.0.0)
  - AUIKit (1.0.0)

DEPENDENCIES:
  - AFoundation (from `https://github.com/ihormyroniuk/AFoundation`, commit `3dcfafbdb7c9ba1bc95ea5d33184fb3d0838051b`)
  - ASwift (from `https://github.com/ihormyroniuk/ASwift`, commit `e496511f1324569c2bd61065c426979988ff2cc0`)
  - AUIKit (from `https://github.com/ihormyroniuk/AUIKit`, commit `adc47d9bf7e231a13dc7927b5928086e48f2ee67`)

EXTERNAL SOURCES:
  AFoundation:
    :commit: 3dcfafbdb7c9ba1bc95ea5d33184fb3d0838051b
    :git: https://github.com/ihormyroniuk/AFoundation
  ASwift:
    :commit: e496511f1324569c2bd61065c426979988ff2cc0
    :git: https://github.com/ihormyroniuk/ASwift
  AUIKit:
    :commit: adc47d9bf7e231a13dc7927b5928086e48f2ee67
    :git: https://github.com/ihormyroniuk/AUIKit

CHECKOUT OPTIONS:
  AFoundation:
    :commit: 3dcfafbdb7c9ba1bc95ea5d33184fb3d0838051b
    :git: https://github.com/ihormyroniuk/AFoundation
  ASwift:
    :commit: e496511f1324569c2bd61065c426979988ff2cc0
    :git: https://github.com/ihormyroniuk/ASwift
  AUIKit:
    :commit: adc47d9bf7e231a13dc7927b5928086e48f2ee67
    :git: https://github.com/ihormyroniuk/AUIKit

SPEC CHECKSUMS:
  AFoundation: b395b4e2cb156715b6a4c55182c801bef1a5e810
  ASwift: 5e31a0937e215a4d2cedd23f765b3683276a6a79
  AUIKit: 1f146cf9d07e7241c2318521cfea313467732d34

PODFILE CHECKSUM: d1beba69dd1395887b5be19ff5c9d8ff2a37704c

COCOAPODS: 1.9.1
